// !$*UTF8*$!
{
	archiveVersion = 1;
	classes = {
	};
	objectVersion = 46;
	objects = {

/* Begin PBXBuildFile section */
		C8AC43461BD11CE70083146C /* AppDelegate.swift in Sources */ = {isa = PBXBuildFile; fileRef = C8AC43451BD11CE70083146C /* AppDelegate.swift */; };
		C8AC43481BD11CE70083146C /* ViewController.swift in Sources */ = {isa = PBXBuildFile; fileRef = C8AC43471BD11CE70083146C /* ViewController.swift */; };
		C8AC434B1BD11CE70083146C /* Main.storyboard in Resources */ = {isa = PBXBuildFile; fileRef = C8AC43491BD11CE70083146C /* Main.storyboard */; };
		C8AC434E1BD11CE70083146C /* Friendly.xcdatamodeld in Sources */ = {isa = PBXBuildFile; fileRef = C8AC434C1BD11CE70083146C /* Friendly.xcdatamodeld */; };
		C8AC43501BD11CE70083146C /* Assets.xcassets in Resources */ = {isa = PBXBuildFile; fileRef = C8AC434F1BD11CE70083146C /* Assets.xcassets */; };
		C8AC43531BD11CE70083146C /* LaunchScreen.storyboard in Resources */ = {isa = PBXBuildFile; fileRef = C8AC43511BD11CE70083146C /* LaunchScreen.storyboard */; };
		C8AC435E1BD11CE80083146C /* FriendlyTests.swift in Sources */ = {isa = PBXBuildFile; fileRef = C8AC435D1BD11CE80083146C /* FriendlyTests.swift */; };
		C8AC43691BD11CE80083146C /* FriendlyUITests.swift in Sources */ = {isa = PBXBuildFile; fileRef = C8AC43681BD11CE80083146C /* FriendlyUITests.swift */; };
/* End PBXBuildFile section */

/* Begin PBXContainerItemProxy section */
		C8AC435A1BD11CE80083146C /* PBXContainerItemProxy */ = {
			isa = PBXContainerItemProxy;
			containerPortal = C8AC433A1BD11CE70083146C /* Project object */;
			proxyType = 1;
			remoteGlobalIDString = C8AC43411BD11CE70083146C;
			remoteInfo = Friendly;
		};
		C8AC43651BD11CE80083146C /* PBXContainerItemProxy */ = {
			isa = PBXContainerItemProxy;
			containerPortal = C8AC433A1BD11CE70083146C /* Project object */;
			proxyType = 1;
			remoteGlobalIDString = C8AC43411BD11CE70083146C;
			remoteInfo = Friendly;
		};
/* End PBXContainerItemProxy section */

/* Begin PBXFileReference section */
		C8AC43421BD11CE70083146C /* Friendly.app */ = {isa = PBXFileReference; explicitFileType = wrapper.application; includeInIndex = 0; path = Friendly.app; sourceTree = BUILT_PRODUCTS_DIR; };
		C8AC43451BD11CE70083146C /* AppDelegate.swift */ = {isa = PBXFileReference; lastKnownFileType = sourcecode.swift; path = AppDelegate.swift; sourceTree = "<group>"; };
		C8AC43471BD11CE70083146C /* ViewController.swift */ = {isa = PBXFileReference; lastKnownFileType = sourcecode.swift; path = ViewController.swift; sourceTree = "<group>"; };
		C8AC434A1BD11CE70083146C /* Base */ = {isa = PBXFileReference; lastKnownFileType = file.storyboard; name = Base; path = Base.lproj/Main.storyboard; sourceTree = "<group>"; };
		C8AC434D1BD11CE70083146C /* Friendly.xcdatamodel */ = {isa = PBXFileReference; lastKnownFileType = wrapper.xcdatamodel; path = Friendly.xcdatamodel; sourceTree = "<group>"; };
		C8AC434F1BD11CE70083146C /* Assets.xcassets */ = {isa = PBXFileReference; lastKnownFileType = folder.assetcatalog; path = Assets.xcassets; sourceTree = "<group>"; };
		C8AC43521BD11CE70083146C /* Base */ = {isa = PBXFileReference; lastKnownFileType = file.storyboard; name = Base; path = Base.lproj/LaunchScreen.storyboard; sourceTree = "<group>"; };
		C8AC43541BD11CE70083146C /* Info.plist */ = {isa = PBXFileReference; lastKnownFileType = text.plist.xml; path = Info.plist; sourceTree = "<group>"; };
		C8AC43591BD11CE80083146C /* FriendlyTests.xctest */ = {isa = PBXFileReference; explicitFileType = wrapper.cfbundle; includeInIndex = 0; path = FriendlyTests.xctest; sourceTree = BUILT_PRODUCTS_DIR; };
		C8AC435D1BD11CE80083146C /* FriendlyTests.swift */ = {isa = PBXFileReference; lastKnownFileType = sourcecode.swift; path = FriendlyTests.swift; sourceTree = "<group>"; };
		C8AC435F1BD11CE80083146C /* Info.plist */ = {isa = PBXFileReference; lastKnownFileType = text.plist.xml; path = Info.plist; sourceTree = "<group>"; };
		C8AC43641BD11CE80083146C /* FriendlyUITests.xctest */ = {isa = PBXFileReference; explicitFileType = wrapper.cfbundle; includeInIndex = 0; path = FriendlyUITests.xctest; sourceTree = BUILT_PRODUCTS_DIR; };
		C8AC43681BD11CE80083146C /* FriendlyUITests.swift */ = {isa = PBXFileReference; lastKnownFileType = sourcecode.swift; path = FriendlyUITests.swift; sourceTree = "<group>"; };
		C8AC436A1BD11CE80083146C /* Info.plist */ = {isa = PBXFileReference; lastKnownFileType = text.plist.xml; path = Info.plist; sourceTree = "<group>"; };
/* End PBXFileReference section */

/* Begin PBXFrameworksBuildPhase section */
		C8AC433F1BD11CE70083146C /* Frameworks */ = {
			isa = PBXFrameworksBuildPhase;
			buildActionMask = 2147483647;
			files = (
			);
			runOnlyForDeploymentPostprocessing = 0;
		};
		C8AC43561BD11CE80083146C /* Frameworks */ = {
			isa = PBXFrameworksBuildPhase;
			buildActionMask = 2147483647;
			files = (
			);
			runOnlyForDeploymentPostprocessing = 0;
		};
		C8AC43611BD11CE80083146C /* Frameworks */ = {
			isa = PBXFrameworksBuildPhase;
			buildActionMask = 2147483647;
			files = (
			);
			runOnlyForDeploymentPostprocessing = 0;
		};
/* End PBXFrameworksBuildPhase section */

/* Begin PBXGroup section */
		C8AC43391BD11CE70083146C = {
			isa = PBXGroup;
			children = (
				C8AC43441BD11CE70083146C /* Friendly */,
				C8AC435C1BD11CE80083146C /* FriendlyTests */,
				C8AC43671BD11CE80083146C /* FriendlyUITests */,
				C8AC43431BD11CE70083146C /* Products */,
			);
			sourceTree = "<group>";
		};
		C8AC43431BD11CE70083146C /* Products */ = {
			isa = PBXGroup;
			children = (
				C8AC43421BD11CE70083146C /* Friendly.app */,
				C8AC43591BD11CE80083146C /* FriendlyTests.xctest */,
				C8AC43641BD11CE80083146C /* FriendlyUITests.xctest */,
			);
			name = Products;
			sourceTree = "<group>";
		};
		C8AC43441BD11CE70083146C /* Friendly */ = {
			isa = PBXGroup;
			children = (
				C8AC43451BD11CE70083146C /* AppDelegate.swift */,
				C8AC43471BD11CE70083146C /* ViewController.swift */,
				C8AC43491BD11CE70083146C /* Main.storyboard */,
				C8AC434F1BD11CE70083146C /* Assets.xcassets */,
				C8AC43511BD11CE70083146C /* LaunchScreen.storyboard */,
				C8AC43541BD11CE70083146C /* Info.plist */,
				C8AC434C1BD11CE70083146C /* Friendly.xcdatamodeld */,
			);
			path = Friendly;
			sourceTree = "<group>";
		};
		C8AC435C1BD11CE80083146C /* FriendlyTests */ = {
			isa = PBXGroup;
			children = (
				C8AC435D1BD11CE80083146C /* FriendlyTests.swift */,
				C8AC435F1BD11CE80083146C /* Info.plist */,
			);
			path = FriendlyTests;
			sourceTree = "<group>";
		};
		C8AC43671BD11CE80083146C /* FriendlyUITests */ = {
			isa = PBXGroup;
			children = (
				C8AC43681BD11CE80083146C /* FriendlyUITests.swift */,
				C8AC436A1BD11CE80083146C /* Info.plist */,
			);
			path = FriendlyUITests;
			sourceTree = "<group>";
		};
/* End PBXGroup section */

/* Begin PBXNativeTarget section */
		C8AC43411BD11CE70083146C /* Friendly */ = {
			isa = PBXNativeTarget;
			buildConfigurationList = C8AC436D1BD11CE80083146C /* Build configuration list for PBXNativeTarget "Friendly" */;
			buildPhases = (
				C8AC433E1BD11CE70083146C /* Sources */,
				C8AC433F1BD11CE70083146C /* Frameworks */,
				C8AC43401BD11CE70083146C /* Resources */,
			);
			buildRules = (
			);
			dependencies = (
			);
			name = Friendly;
			productName = Friendly;
			productReference = C8AC43421BD11CE70083146C /* Friendly.app */;
			productType = "com.apple.product-type.application";
		};
		C8AC43581BD11CE80083146C /* FriendlyTests */ = {
			isa = PBXNativeTarget;
			buildConfigurationList = C8AC43701BD11CE80083146C /* Build configuration list for PBXNativeTarget "FriendlyTests" */;
			buildPhases = (
				C8AC43551BD11CE80083146C /* Sources */,
				C8AC43561BD11CE80083146C /* Frameworks */,
				C8AC43571BD11CE80083146C /* Resources */,
			);
			buildRules = (
			);
			dependencies = (
				C8AC435B1BD11CE80083146C /* PBXTargetDependency */,
			);
			name = FriendlyTests;
			productName = FriendlyTests;
			productReference = C8AC43591BD11CE80083146C /* FriendlyTests.xctest */;
			productType = "com.apple.product-type.bundle.unit-test";
		};
		C8AC43631BD11CE80083146C /* FriendlyUITests */ = {
			isa = PBXNativeTarget;
			buildConfigurationList = C8AC43731BD11CE80083146C /* Build configuration list for PBXNativeTarget "FriendlyUITests" */;
			buildPhases = (
				C8AC43601BD11CE80083146C /* Sources */,
				C8AC43611BD11CE80083146C /* Frameworks */,
				C8AC43621BD11CE80083146C /* Resources */,
			);
			buildRules = (
			);
			dependencies = (
				C8AC43661BD11CE80083146C /* PBXTargetDependency */,
			);
			name = FriendlyUITests;
			productName = FriendlyUITests;
			productReference = C8AC43641BD11CE80083146C /* FriendlyUITests.xctest */;
			productType = "com.apple.product-type.bundle.ui-testing";
		};
/* End PBXNativeTarget section */

/* Begin PBXProject section */
		C8AC433A1BD11CE70083146C /* Project object */ = {
			isa = PBXProject;
			attributes = {
				LastUpgradeCheck = 0700;
				ORGANIZATIONNAME = ZaJo;
				TargetAttributes = {
					C8AC43411BD11CE70083146C = {
						CreatedOnToolsVersion = 7.0.1;
					};
					C8AC43581BD11CE80083146C = {
						CreatedOnToolsVersion = 7.0.1;
						TestTargetID = C8AC43411BD11CE70083146C;
					};
					C8AC43631BD11CE80083146C = {
						CreatedOnToolsVersion = 7.0.1;
						TestTargetID = C8AC43411BD11CE70083146C;
					};
				};
			};
			buildConfigurationList = C8AC433D1BD11CE70083146C /* Build configuration list for PBXProject "Friendly" */;
			compatibilityVersion = "Xcode 3.2";
			developmentRegion = English;
			hasScannedForEncodings = 0;
			knownRegions = (
				en,
				Base,
			);
			mainGroup = C8AC43391BD11CE70083146C;
			productRefGroup = C8AC43431BD11CE70083146C /* Products */;
			projectDirPath = "";
			projectRoot = "";
			targets = (
				C8AC43411BD11CE70083146C /* Friendly */,
				C8AC43581BD11CE80083146C /* FriendlyTests */,
				C8AC43631BD11CE80083146C /* FriendlyUITests */,
			);
		};
/* End PBXProject section */

/* Begin PBXResourcesBuildPhase section */
		C8AC43401BD11CE70083146C /* Resources */ = {
			isa = PBXResourcesBuildPhase;
			buildActionMask = 2147483647;
			files = (
				C8AC43531BD11CE70083146C /* LaunchScreen.storyboard in Resources */,
				C8AC43501BD11CE70083146C /* Assets.xcassets in Resources */,
				C8AC434B1BD11CE70083146C /* Main.storyboard in Resources */,
			);
			runOnlyForDeploymentPostprocessing = 0;
		};
		C8AC43571BD11CE80083146C /* Resources */ = {
			isa = PBXResourcesBuildPhase;
			buildActionMask = 2147483647;
			files = (
			);
			runOnlyForDeploymentPostprocessing = 0;
		};
		C8AC43621BD11CE80083146C /* Resources */ = {
			isa = PBXResourcesBuildPhase;
			buildActionMask = 2147483647;
			files = (
			);
			runOnlyForDeploymentPostprocessing = 0;
		};
/* End PBXResourcesBuildPhase section */

/* Begin PBXSourcesBuildPhase section */
		C8AC433E1BD11CE70083146C /* Sources */ = {
			isa = PBXSourcesBuildPhase;
			buildActionMask = 2147483647;
			files = (
				C8AC434E1BD11CE70083146C /* Friendly.xcdatamodeld in Sources */,
				C8AC43481BD11CE70083146C /* ViewController.swift in Sources */,
				C8AC43461BD11CE70083146C /* AppDelegate.swift in Sources */,
			);
			runOnlyForDeploymentPostprocessing = 0;
		};
		C8AC43551BD11CE80083146C /* Sources */ = {
			isa = PBXSourcesBuildPhase;
			buildActionMask = 2147483647;
			files = (
				C8AC435E1BD11CE80083146C /* FriendlyTests.swift in Sources */,
			);
			runOnlyForDeploymentPostprocessing = 0;
		};
		C8AC43601BD11CE80083146C /* Sources */ = {
			isa = PBXSourcesBuildPhase;
			buildActionMask = 2147483647;
			files = (
				C8AC43691BD11CE80083146C /* FriendlyUITests.swift in Sources */,
			);
			runOnlyForDeploymentPostprocessing = 0;
		};
/* End PBXSourcesBuildPhase section */

/* Begin PBXTargetDependency section */
		C8AC435B1BD11CE80083146C /* PBXTargetDependency */ = {
			isa = PBXTargetDependency;
			target = C8AC43411BD11CE70083146C /* Friendly */;
			targetProxy = C8AC435A1BD11CE80083146C /* PBXContainerItemProxy */;
		};
		C8AC43661BD11CE80083146C /* PBXTargetDependency */ = {
			isa = PBXTargetDependency;
			target = C8AC43411BD11CE70083146C /* Friendly */;
			targetProxy = C8AC43651BD11CE80083146C /* PBXContainerItemProxy */;
		};
/* End PBXTargetDependency section */

/* Begin PBXVariantGroup section */
		C8AC43491BD11CE70083146C /* Main.storyboard */ = {
			isa = PBXVariantGroup;
			children = (
				C8AC434A1BD11CE70083146C /* Base */,
			);
			name = Main.storyboard;
			sourceTree = "<group>";
		};
		C8AC43511BD11CE70083146C /* LaunchScreen.storyboard */ = {
			isa = PBXVariantGroup;
			children = (
				C8AC43521BD11CE70083146C /* Base */,
			);
			name = LaunchScreen.storyboard;
			sourceTree = "<group>";
		};
/* End PBXVariantGroup section */

/* Begin XCBuildConfiguration section */
		C8AC436B1BD11CE80083146C /* Debug */ = {
			isa = XCBuildConfiguration;
			buildSettings = {
				ALWAYS_SEARCH_USER_PATHS = NO;
				CLANG_CXX_LANGUAGE_STANDARD = "gnu++0x";
				CLANG_CXX_LIBRARY = "libc++";
				CLANG_ENABLE_MODULES = YES;
				CLANG_ENABLE_OBJC_ARC = YES;
				CLANG_WARN_BOOL_CONVERSION = YES;
				CLANG_WARN_CONSTANT_CONVERSION = YES;
				CLANG_WARN_DIRECT_OBJC_ISA_USAGE = YES_ERROR;
				CLANG_WARN_EMPTY_BODY = YES;
				CLANG_WARN_ENUM_CONVERSION = YES;
				CLANG_WARN_INT_CONVERSION = YES;
				CLANG_WARN_OBJC_ROOT_CLASS = YES_ERROR;
				CLANG_WARN_UNREACHABLE_CODE = YES;
				CLANG_WARN__DUPLICATE_METHOD_MATCH = YES;
				"CODE_SIGN_IDENTITY[sdk=iphoneos*]" = "iPhone Developer";
				COPY_PHASE_STRIP = NO;
				DEBUG_INFORMATION_FORMAT = dwarf;
				ENABLE_STRICT_OBJC_MSGSEND = YES;
				ENABLE_TESTABILITY = YES;
				GCC_C_LANGUAGE_STANDARD = gnu99;
				GCC_DYNAMIC_NO_PIC = NO;
				GCC_NO_COMMON_BLOCKS = YES;
				GCC_OPTIMIZATION_LEVEL = 0;
				GCC_PREPROCESSOR_DEFINITIONS = (
					"DEBUG=1",
					"$(inherited)",
				);
				GCC_WARN_64_TO_32_BIT_CONVERSION = YES;
				GCC_WARN_ABOUT_RETURN_TYPE = YES_ERROR;
				GCC_WARN_UNDECLARED_SELECTOR = YES;
				GCC_WARN_UNINITIALIZED_AUTOS = YES_AGGRESSIVE;
				GCC_WARN_UNUSED_FUNCTION = YES;
				GCC_WARN_UNUSED_VARIABLE = YES;
				IPHONEOS_DEPLOYMENT_TARGET = 9.0;
				MTL_ENABLE_DEBUG_INFO = YES;
				ONLY_ACTIVE_ARCH = YES;
				SDKROOT = iphoneos;
				SWIFT_OPTIMIZATION_LEVEL = "-Onone";
				TARGETED_DEVICE_FAMILY = "1,2";
			};
			name = Debug;
		};
		C8AC436C1BD11CE80083146C /* Release */ = {
			isa = XCBuildConfiguration;
			buildSettings = {
				ALWAYS_SEARCH_USER_PATHS = NO;
				CLANG_CXX_LANGUAGE_STANDARD = "gnu++0x";
				CLANG_CXX_LIBRARY = "libc++";
				CLANG_ENABLE_MODULES = YES;
				CLANG_ENABLE_OBJC_ARC = YES;
				CLANG_WARN_BOOL_CONVERSION = YES;
				CLANG_WARN_CONSTANT_CONVERSION = YES;
				CLANG_WARN_DIRECT_OBJC_ISA_USAGE = YES_ERROR;
				CLANG_WARN_EMPTY_BODY = YES;
				CLANG_WARN_ENUM_CONVERSION = YES;
				CLANG_WARN_INT_CONVERSION = YES;
				CLANG_WARN_OBJC_ROOT_CLASS = YES_ERROR;
				CLANG_WARN_UNREACHABLE_CODE = YES;
				CLANG_WARN__DUPLICATE_METHOD_MATCH = YES;
				"CODE_SIGN_IDENTITY[sdk=iphoneos*]" = "iPhone Developer";
				COPY_PHASE_STRIP = NO;
				DEBUG_INFORMATION_FORMAT = "dwarf-with-dsym";
				ENABLE_NS_ASSERTIONS = NO;
				ENABLE_STRICT_OBJC_MSGSEND = YES;
				GCC_C_LANGUAGE_STANDARD = gnu99;
				GCC_NO_COMMON_BLOCKS = YES;
				GCC_WARN_64_TO_32_BIT_CONVERSION = YES;
				GCC_WARN_ABOUT_RETURN_TYPE = YES_ERROR;
				GCC_WARN_UNDECLARED_SELECTOR = YES;
				GCC_WARN_UNINITIALIZED_AUTOS = YES_AGGRESSIVE;
				GCC_WARN_UNUSED_FUNCTION = YES;
				GCC_WARN_UNUSED_VARIABLE = YES;
				IPHONEOS_DEPLOYMENT_TARGET = 9.0;
				MTL_ENABLE_DEBUG_INFO = NO;
				SDKROOT = iphoneos;
				TARGETED_DEVICE_FAMILY = "1,2";
				VALIDATE_PRODUCT = YES;
			};
			name = Release;
		};
		C8AC436E1BD11CE80083146C /* Debug */ = {
			isa = XCBuildConfiguration;
			buildSettings = {
				ASSETCATALOG_COMPILER_APPICON_NAME = AppIcon;
				INFOPLIST_FILE = Friendly/Info.plist;
				LD_RUNPATH_SEARCH_PATHS = "$(inherited) @executable_path/Frameworks";
				PRODUCT_BUNDLE_IDENTIFIER = com.zajo.testapi.Friendly;
				PRODUCT_NAME = "$(TARGET_NAME)";
			};
			name = Debug;
		};
		C8AC436F1BD11CE80083146C /* Release */ = {
			isa = XCBuildConfiguration;
			buildSettings = {
				ASSETCATALOG_COMPILER_APPICON_NAME = AppIcon;
				INFOPLIST_FILE = Friendly/Info.plist;
				LD_RUNPATH_SEARCH_PATHS = "$(inherited) @executable_path/Frameworks";
				PRODUCT_BUNDLE_IDENTIFIER = com.zajo.testapi.Friendly;
				PRODUCT_NAME = "$(TARGET_NAME)";
			};
			name = Release;
		};
		C8AC43711BD11CE80083146C /* Debug */ = {
			isa = XCBuildConfiguration;
			buildSettings = {
				BUNDLE_LOADER = "$(TEST_HOST)";
				INFOPLIST_FILE = FriendlyTests/Info.plist;
				LD_RUNPATH_SEARCH_PATHS = "$(inherited) @executable_path/Frameworks @loader_path/Frameworks";
				PRODUCT_BUNDLE_IDENTIFIER = com.zajo.testapi.FriendlyTests;
				PRODUCT_NAME = "$(TARGET_NAME)";
				TEST_HOST = "$(BUILT_PRODUCTS_DIR)/Friendly.app/Friendly";
			};
			name = Debug;
		};
		C8AC43721BD11CE80083146C /* Release */ = {
			isa = XCBuildConfiguration;
			buildSettings = {
				BUNDLE_LOADER = "$(TEST_HOST)";
				INFOPLIST_FILE = FriendlyTests/Info.plist;
				LD_RUNPATH_SEARCH_PATHS = "$(inherited) @executable_path/Frameworks @loader_path/Frameworks";
				PRODUCT_BUNDLE_IDENTIFIER = com.zajo.testapi.FriendlyTests;
				PRODUCT_NAME = "$(TARGET_NAME)";
				TEST_HOST = "$(BUILT_PRODUCTS_DIR)/Friendly.app/Friendly";
			};
			name = Release;
		};
		C8AC43741BD11CE80083146C /* Debug */ = {
			isa = XCBuildConfiguration;
			buildSettings = {
				INFOPLIST_FILE = FriendlyUITests/Info.plist;
				LD_RUNPATH_SEARCH_PATHS = "$(inherited) @executable_path/Frameworks @loader_path/Frameworks";
				PRODUCT_BUNDLE_IDENTIFIER = com.zajo.testapi.FriendlyUITests;
				PRODUCT_NAME = "$(TARGET_NAME)";
				TEST_TARGET_NAME = Friendly;
				USES_XCTRUNNER = YES;
			};
			name = Debug;
		};
		C8AC43751BD11CE80083146C /* Release */ = {
			isa = XCBuildConfiguration;
			buildSettings = {
				INFOPLIST_FILE = FriendlyUITests/Info.plist;
				LD_RUNPATH_SEARCH_PATHS = "$(inherited) @executable_path/Frameworks @loader_path/Frameworks";
				PRODUCT_BUNDLE_IDENTIFIER = com.zajo.testapi.FriendlyUITests;
				PRODUCT_NAME = "$(TARGET_NAME)";
				TEST_TARGET_NAME = Friendly;
				USES_XCTRUNNER = YES;
			};
			name = Release;
		};
/* End XCBuildConfiguration section */

/* Begin XCConfigurationList section */
		C8AC433D1BD11CE70083146C /* Build configuration list for PBXProject "Friendly" */ = {
			isa = XCConfigurationList;
			buildConfigurations = (
				C8AC436B1BD11CE80083146C /* Debug */,
				C8AC436C1BD11CE80083146C /* Release */,
			);
			defaultConfigurationIsVisible = 0;
			defaultConfigurationName = Release;
		};
		C8AC436D1BD11CE80083146C /* Build configuration list for PBXNativeTarget "Friendly" */ = {
			isa = XCConfigurationList;
			buildConfigurations = (
				C8AC436E1BD11CE80083146C /* Debug */,
				C8AC436F1BD11CE80083146C /* Release */,
			);
			defaultConfigurationIsVisible = 0;
		};
		C8AC43701BD11CE80083146C /* Build configuration list for PBXNativeTarget "FriendlyTests" */ = {
			isa = XCConfigurationList;
			buildConfigurations = (
				C8AC43711BD11CE80083146C /* Debug */,
				C8AC43721BD11CE80083146C /* Release */,
			);
			defaultConfigurationIsVisible = 0;
		};
		C8AC43731BD11CE80083146C /* Build configuration list for PBXNativeTarget "FriendlyUITests" */ = {
			isa = XCConfigurationList;
			buildConfigurations = (
				C8AC43741BD11CE80083146C /* Debug */,
				C8AC43751BD11CE80083146C /* Release */,
			);
			defaultConfigurationIsVisible = 0;
		};
/* End XCConfigurationList section */

/* Begin XCVersionGroup section */
		C8AC434C1BD11CE70083146C /* Friendly.xcdatamodeld */ = {
			isa = XCVersionGroup;
			children = (
				C8AC434D1BD11CE70083146C /* Friendly.xcdatamodel */,
			);
			currentVersion = C8AC434D1BD11CE70083146C /* Friendly.xcdatamodel */;
			path = Friendly.xcdatamodeld;
			sourceTree = "<group>";
			versionGroupType = wrapper.xcdatamodel;
		};
/* End XCVersionGroup section */
	};
	rootObject = C8AC433A1BD11CE70083146C /* Project object */;
}
